
Microsoft Visual Studio Solution File, Format Version 12.00
# Visual Studio Version 17
VisualStudioVersion = 17.7.34024.191
MinimumVisualStudioVersion = 10.0.40219.1
Project("{9A19103F-16F7-4668-BE54-9A1E7A4F7556}") = "MyStore", "MyStore.csproj", "{25A9FC34-D81A-4A95-91FE-FADFC52159A1}"
EndProject
Project("{9A19103F-16F7-4668-BE54-9A1E7A4F7556}") = "MyStore.Data", "..\MyStore.Data\MyStore.Data.csproj", "{E21CD088-F5A7-42E1-B256-D80E1237BA54}"
EndProject
Project("{9A19103F-16F7-4668-BE54-9A1E7A4F7556}") = "MyStore.Domain", "..\MyStore.Domain\MyStore.Domain.csproj", "{9D973F97-EF1C-496D-909F-89480F2BA2F3}"
EndProject
Project("{9A19103F-16F7-4668-BE54-9A1E7A4F7556}") = "MyStore.Services", "..\MyStore.Services\MyStore.Services.csproj", "{E5DA3FC0-D37C-4BE7-B43D-0D2BBF2A5A27}"
EndProject
Global
	GlobalSection(SolutionConfigurationPlatforms) = preSolution
		Debug|Any CPU = Debug|Any CPU
		Release|Any CPU = Release|Any CPU
	EndGlobalSection
	GlobalSection(ProjectConfigurationPlatforms) = postSolution
		{25A9FC34-D81A-4A95-91FE-FADFC52159A1}.Debug|Any CPU.ActiveCfg = Debug|Any CPU
		{25A9FC34-D81A-4A95-91FE-FADFC52159A1}.Debug|Any CPU.Build.0 = Debug|Any CPU
		{25A9FC34-D81A-4A95-91FE-FADFC52159A1}.Release|Any CPU.ActiveCfg = Release|Any CPU
		{25A9FC34-D81A-4A95-91FE-FADFC52159A1}.Release|Any CPU.Build.0 = Release|Any CPU
		{E21CD088-F5A7-42E1-B256-D80E1237BA54}.Debug|Any CPU.ActiveCfg = Debug|Any CPU
		{E21CD088-F5A7-42E1-B256-D80E1237BA54}.Debug|Any CPU.Build.0 = Debug|Any CPU
		{E21CD088-F5A7-42E1-B256-D80E1237BA54}.Release|Any CPU.ActiveCfg = Release|Any CPU
		{E21CD088-F5A7-42E1-B256-D80E1237BA54}.Release|Any CPU.Build.0 = Release|Any CPU
		{9D973F97-EF1C-496D-909F-89480F2BA2F3}.Debug|Any CPU.ActiveCfg = Debug|Any CPU
		{9D973F97-EF1C-496D-909F-89480F2BA2F3}.Debug|Any CPU.Build.0 = Debug|Any CPU
		{9D973F97-EF1C-496D-909F-89480F2BA2F3}.Release|Any CPU.ActiveCfg = Release|Any CPU
		{9D973F97-EF1C-496D-909F-89480F2BA2F3}.Release|Any CPU.Build.0 = Release|Any CPU
		{E5DA3FC0-D37C-4BE7-B43D-0D2BBF2A5A27}.Debug|Any CPU.ActiveCfg = Debug|Any CPU
		{E5DA3FC0-D37C-4BE7-B43D-0D2BBF2A5A27}.Debug|Any CPU.Build.0 = Debug|Any CPU
		{E5DA3FC0-D37C-4BE7-B43D-0D2BBF2A5A27}.Release|Any CPU.ActiveCfg = Release|Any CPU
		{E5DA3FC0-D37C-4BE7-B43D-0D2BBF2A5A27}.Release|Any CPU.Build.0 = Release|Any CPU
	EndGlobalSection
	GlobalSection(SolutionProperties) = preSolution
		HideSolutionNode = FALSE
	EndGlobalSection
	GlobalSection(ExtensibilityGlobals) = postSolution
		SolutionGuid = {CAFD186F-35CA-465E-84E0-25C76A8E8C14}
	EndGlobalSection
EndGlobal
